
Microsoft Visual Studio Solution File, Format Version 12.00
# Visual Studio Version 17
VisualStudioVersion = 17.12.35707.178
MinimumVisualStudioVersion = 10.0.40219.1
Project("{FAE04EC0-301F-11D3-BF4B-00C04F79EFBC}") = "Intilium.Sandbox.Blazor", "Intilium.Sandbox.Blazor\Intilium.Sandbox.Blazor.csproj", "{B0BCC128-8DAF-4376-9D60-B278E68BC265}"
EndProject
Project("{FAE04EC0-301F-11D3-BF4B-00C04F79EFBC}") = "CodeShepherd.Blazor.UI", "CodeShepherd.Blazor.UI\CodeShepherd.Blazor.UI.csproj", "{CE9BA94B-793A-445F-82C2-5789F2357368}"
EndProject
Global
	GlobalSection(SolutionConfigurationPlatforms) = preSolution
		Debug|Any CPU = Debug|Any CPU
		Release|Any CPU = Release|Any CPU
	EndGlobalSection
	GlobalSection(ProjectConfigurationPlatforms) = postSolution
		{B0BCC128-8DAF-4376-9D60-B278E68BC265}.Debug|Any CPU.ActiveCfg = Debug|Any CPU
		{B0BCC128-8DAF-4376-9D60-B278E68BC265}.Debug|Any CPU.Build.0 = Debug|Any CPU
		{B0BCC128-8DAF-4376-9D60-B278E68BC265}.Release|Any CPU.ActiveCfg = Release|Any CPU
		{B0BCC128-8DAF-4376-9D60-B278E68BC265}.Release|Any CPU.Build.0 = Release|Any CPU
		{CE9BA94B-793A-445F-82C2-5789F2357368}.Debug|Any CPU.ActiveCfg = Debug|Any CPU
		{CE9BA94B-793A-445F-82C2-5789F2357368}.Debug|Any CPU.Build.0 = Debug|Any CPU
		{CE9BA94B-793A-445F-82C2-5789F2357368}.Release|Any CPU.ActiveCfg = Release|Any CPU
		{CE9BA94B-793A-445F-82C2-5789F2357368}.Release|Any CPU.Build.0 = Release|Any CPU
	EndGlobalSection
	GlobalSection(SolutionProperties) = preSolution
		HideSolutionNode = FALSE
	EndGlobalSection
	GlobalSection(ExtensibilityGlobals) = postSolution
		SolutionGuid = {AC6EE30B-1A14-4B55-B2EE-B1FDE6FFD0B2}
	EndGlobalSection
EndGlobal
